// !$*UTF8*$!
{
	archiveVersion = 1;
	classes = {
	};
	objectVersion = 54;
	objects = {

/* Begin PBXBuildFile section */
		"0C1BD4DD-B9B1-4F84-9376-54FB8A3AC7F7" /* ofxBaseGui.cpp in Sources */ = {isa = PBXBuildFile; fileRef = "7A280083-4C41-4B61-B59B-F360404E48E7" /* ofxBaseGui.cpp */; };
		"32AF4E48-7A83-4C79-85D5-A34F1D7F8C84" /* ofxGuiGroup.cpp in Sources */ = {isa = PBXBuildFile; fileRef = "182374EF-1B38-4861-8585-CDC533D87101" /* ofxGuiGroup.cpp */; };
		"3AC002C8-F051-42E2-ABBF-BA1B28145736" /* ofxToggle.cpp in Sources */ = {isa = PBXBuildFile; fileRef = "71DDE535-9B72-4BAB-A95A-20910B544EBB" /* ofxToggle.cpp */; };
		5F5870C12B75038E00F0AFB4 /* BaseSequencer.cpp in Sources */ = {isa = PBXBuildFile; fileRef = 5F5870BF2B75038E00F0AFB4 /* BaseSequencer.cpp */; };
		5F5870C42B75045300F0AFB4 /* ChordSequencer.cpp in Sources */ = {isa = PBXBuildFile; fileRef = 5F5870C22B75045300F0AFB4 /* ChordSequencer.cpp */; };
		5F5870C72B77954300F0AFB4 /* CircularSequencerView.cpp in Sources */ = {isa = PBXBuildFile; fileRef = 5F5870C52B77954300F0AFB4 /* CircularSequencerView.cpp */; };
		"6FF95E36-0EEB-4ECA-BD70-BE8D10DCE27D" /* ofxLabel.cpp in Sources */ = {isa = PBXBuildFile; fileRef = "8B794539-BD91-43D3-A3A1-162A365EAEB6" /* ofxLabel.cpp */; };
		"75D1CE53-39CC-4737-A153-DB034EBBFAFC" /* ofxButton.cpp in Sources */ = {isa = PBXBuildFile; fileRef = "BA7D3615-948C-448D-B9A0-327FDAEF16A5" /* ofxButton.cpp */; };
		"ADE33C13-4FC3-4DE3-8E7C-57A9AF3BF4E1" /* ofxInputField.cpp in Sources */ = {isa = PBXBuildFile; fileRef = "56976079-D060-49AC-845D-F4A99DF681C5" /* ofxInputField.cpp */; };
		"AFD7392B-8BA1-4BC7-A653-9F481CC3E781" /* ofxSliderGroup.cpp in Sources */ = {isa = PBXBuildFile; fileRef = "96D552AB-31AF-4ECC-B7B2-BF987B8AAF49" /* ofxSliderGroup.cpp */; };
		"D2B7BDA6-4012-4FC3-A590-2776F06C6FAC" /* ofxColorPicker.cpp in Sources */ = {isa = PBXBuildFile; fileRef = "2BBBDCF5-7365-4403-B8DE-B46FC6F79F89" /* ofxColorPicker.cpp */; };
		"DFF1F7A5-37FC-4574-B34F-27A7773CED05" /* ofxSlider.cpp in Sources */ = {isa = PBXBuildFile; fileRef = "3B0F4866-88F8-42D7-8834-422234302877" /* ofxSlider.cpp */; };
		E4B69E200A3A1BDC003C02F2 /* main.cpp in Sources */ = {isa = PBXBuildFile; fileRef = E4B69E1D0A3A1BDC003C02F2 /* main.cpp */; };
		E4B69E210A3A1BDC003C02F2 /* ofApp.cpp in Sources */ = {isa = PBXBuildFile; fileRef = E4B69E1E0A3A1BDC003C02F2 /* ofApp.cpp */; };
		"E97A1ECE-F1F6-4BD7-AE5F-0F7506482043" /* ofxPanel.cpp in Sources */ = {isa = PBXBuildFile; fileRef = "78E4F042-2613-4BA9-8B36-9262C17C42A9" /* ofxPanel.cpp */; };
		"EE53AF5F-B30A-4A1C-B8DC-00E61F5CF68D" /* DrumSequencer.cpp in Sources */ = {isa = PBXBuildFile; fileRef = "AF78FB62-0502-4039-940D-9B1FC81F33AC" /* DrumSequencer.cpp */; };
/* End PBXBuildFile section */

/* Begin PBXCopyFilesBuildPhase section */
		E4A5B60F29BAAAE400C2D356 /* CopyFiles */ = {
			isa = PBXCopyFilesBuildPhase;
			buildActionMask = 2147483647;
			dstPath = "";
			dstSubfolderSpec = 6;
			files = (
			);
			runOnlyForDeploymentPostprocessing = 0;
		};
		E4C2427710CC5ABF004149E2 /* CopyFiles */ = {
			isa = PBXCopyFilesBuildPhase;
			buildActionMask = 2147483647;
			dstPath = "";
			dstSubfolderSpec = 10;
			files = (
			);
			runOnlyForDeploymentPostprocessing = 0;
		};
/* End PBXCopyFilesBuildPhase section */

/* Begin PBXFileReference section */
		"0FA64661-4B2D-497F-B0B4-FBCF3E73A10B" /* ofxSliderGroup.h */ = {isa = PBXFileReference; explicitFileType = sourcecode.c.h; fileEncoding = 4; name = ofxSliderGroup.h; path = ../../../addons/ofxGui/src/ofxSliderGroup.h; sourceTree = SOURCE_ROOT; };
		"182374EF-1B38-4861-8585-CDC533D87101" /* ofxGuiGroup.cpp */ = {isa = PBXFileReference; explicitFileType = sourcecode.cpp.cpp; fileEncoding = 4; name = ofxGuiGroup.cpp; path = ../../../addons/ofxGui/src/ofxGuiGroup.cpp; sourceTree = SOURCE_ROOT; };
		191CD6FA2847E21E0085CBB6 /* of.entitlements */ = {isa = PBXFileReference; fileEncoding = 4; lastKnownFileType = text.plist.entitlements; path = of.entitlements; sourceTree = "<group>"; };
		191EF70929D778A400F35F26 /* openFrameworks */ = {isa = PBXFileReference; lastKnownFileType = folder; name = openFrameworks; path = ../../../libs/openFrameworks; sourceTree = SOURCE_ROOT; };
		"22EF13E9-5CDB-4A97-9DA6-FD00135239A2" /* ofxBaseGui.h */ = {isa = PBXFileReference; explicitFileType = sourcecode.c.h; fileEncoding = 4; name = ofxBaseGui.h; path = ../../../addons/ofxGui/src/ofxBaseGui.h; sourceTree = SOURCE_ROOT; };
		"2A9942B5-D5E9-4B41-A0C0-9CA0C1CE6457" /* ofxColorPicker.h */ = {isa = PBXFileReference; explicitFileType = sourcecode.c.h; fileEncoding = 4; name = ofxColorPicker.h; path = ../../../addons/ofxGui/src/ofxColorPicker.h; sourceTree = SOURCE_ROOT; };
		"2BBBDCF5-7365-4403-B8DE-B46FC6F79F89" /* ofxColorPicker.cpp */ = {isa = PBXFileReference; explicitFileType = sourcecode.cpp.cpp; fileEncoding = 4; name = ofxColorPicker.cpp; path = ../../../addons/ofxGui/src/ofxColorPicker.cpp; sourceTree = SOURCE_ROOT; };
		"3B0F4866-88F8-42D7-8834-422234302877" /* ofxSlider.cpp */ = {isa = PBXFileReference; explicitFileType = sourcecode.cpp.cpp; fileEncoding = 4; name = ofxSlider.cpp; path = ../../../addons/ofxGui/src/ofxSlider.cpp; sourceTree = SOURCE_ROOT; };
		"499A6DB5-1F95-47FA-8EB9-24E070854706" /* ofxGui.h */ = {isa = PBXFileReference; explicitFileType = sourcecode.c.h; fileEncoding = 4; name = ofxGui.h; path = ../../../addons/ofxGui/src/ofxGui.h; sourceTree = SOURCE_ROOT; };
		"56976079-D060-49AC-845D-F4A99DF681C5" /* ofxInputField.cpp */ = {isa = PBXFileReference; explicitFileType = sourcecode.cpp.cpp; fileEncoding = 4; name = ofxInputField.cpp; path = ../../../addons/ofxGui/src/ofxInputField.cpp; sourceTree = SOURCE_ROOT; };
		"583C28F5-7CA6-4DA3-8EA7-00AFD4DC158D" /* DrumSequencer.hpp */ = {isa = PBXFileReference; explicitFileType = sourcecode.c.h; fileEncoding = 4; name = DrumSequencer.hpp; path = src/DrumSequencer.hpp; sourceTree = SOURCE_ROOT; };
		5F5870BF2B75038E00F0AFB4 /* BaseSequencer.cpp */ = {isa = PBXFileReference; lastKnownFileType = sourcecode.cpp.cpp; path = BaseSequencer.cpp; sourceTree = "<group>"; };
		5F5870C02B75038E00F0AFB4 /* BaseSequencer.hpp */ = {isa = PBXFileReference; lastKnownFileType = sourcecode.cpp.h; path = BaseSequencer.hpp; sourceTree = "<group>"; };
		5F5870C22B75045300F0AFB4 /* ChordSequencer.cpp */ = {isa = PBXFileReference; lastKnownFileType = sourcecode.cpp.cpp; path = ChordSequencer.cpp; sourceTree = "<group>"; };
		5F5870C32B75045300F0AFB4 /* ChordSequencer.hpp */ = {isa = PBXFileReference; lastKnownFileType = sourcecode.cpp.h; path = ChordSequencer.hpp; sourceTree = "<group>"; };
		5F5870C52B77954300F0AFB4 /* CircularSequencerView.cpp */ = {isa = PBXFileReference; lastKnownFileType = sourcecode.cpp.cpp; path = CircularSequencerView.cpp; sourceTree = "<group>"; };
		5F5870C62B77954300F0AFB4 /* CircularSequencerView.hpp */ = {isa = PBXFileReference; lastKnownFileType = sourcecode.cpp.h; path = CircularSequencerView.hpp; sourceTree = "<group>"; };
		"71DDE535-9B72-4BAB-A95A-20910B544EBB" /* ofxToggle.cpp */ = {isa = PBXFileReference; explicitFileType = sourcecode.cpp.cpp; fileEncoding = 4; name = ofxToggle.cpp; path = ../../../addons/ofxGui/src/ofxToggle.cpp; sourceTree = SOURCE_ROOT; };
		"78E4F042-2613-4BA9-8B36-9262C17C42A9" /* ofxPanel.cpp */ = {isa = PBXFileReference; explicitFileType = sourcecode.cpp.cpp; fileEncoding = 4; name = ofxPanel.cpp; path = ../../../addons/ofxGui/src/ofxPanel.cpp; sourceTree = SOURCE_ROOT; };
		"7A280083-4C41-4B61-B59B-F360404E48E7" /* ofxBaseGui.cpp */ = {isa = PBXFileReference; explicitFileType = sourcecode.cpp.cpp; fileEncoding = 4; name = ofxBaseGui.cpp; path = ../../../addons/ofxGui/src/ofxBaseGui.cpp; sourceTree = SOURCE_ROOT; };
		"8B794539-BD91-43D3-A3A1-162A365EAEB6" /* ofxLabel.cpp */ = {isa = PBXFileReference; explicitFileType = sourcecode.cpp.cpp; fileEncoding = 4; name = ofxLabel.cpp; path = ../../../addons/ofxGui/src/ofxLabel.cpp; sourceTree = SOURCE_ROOT; };
		"93F5A4D4-CCC8-496A-996C-35A0E914E958" /* ofxInputField.h */ = {isa = PBXFileReference; explicitFileType = sourcecode.c.h; fileEncoding = 4; name = ofxInputField.h; path = ../../../addons/ofxGui/src/ofxInputField.h; sourceTree = SOURCE_ROOT; };
		"96D552AB-31AF-4ECC-B7B2-BF987B8AAF49" /* ofxSliderGroup.cpp */ = {isa = PBXFileReference; explicitFileType = sourcecode.cpp.cpp; fileEncoding = 4; name = ofxSliderGroup.cpp; path = ../../../addons/ofxGui/src/ofxSliderGroup.cpp; sourceTree = SOURCE_ROOT; };
		"AABB7D40-CA93-410B-8622-2D40220E6F63" /* ofxPanel.h */ = {isa = PBXFileReference; explicitFileType = sourcecode.c.h; fileEncoding = 4; name = ofxPanel.h; path = ../../../addons/ofxGui/src/ofxPanel.h; sourceTree = SOURCE_ROOT; };
		"AF78FB62-0502-4039-940D-9B1FC81F33AC" /* DrumSequencer.cpp */ = {isa = PBXFileReference; explicitFileType = sourcecode.cpp.cpp; fileEncoding = 4; name = DrumSequencer.cpp; path = src/DrumSequencer.cpp; sourceTree = SOURCE_ROOT; };
		"B878373C-9CA2-4964-AD5D-0FD78D0E654C" /* ofxToggle.h */ = {isa = PBXFileReference; explicitFileType = sourcecode.c.h; fileEncoding = 4; name = ofxToggle.h; path = ../../../addons/ofxGui/src/ofxToggle.h; sourceTree = SOURCE_ROOT; };
		"BA4DA0EE-9320-4ED7-8999-AA140F39B118" /* ofxGuiGroup.h */ = {isa = PBXFileReference; explicitFileType = sourcecode.c.h; fileEncoding = 4; name = ofxGuiGroup.h; path = ../../../addons/ofxGui/src/ofxGuiGroup.h; sourceTree = SOURCE_ROOT; };
		"BA7D3615-948C-448D-B9A0-327FDAEF16A5" /* ofxButton.cpp */ = {isa = PBXFileReference; explicitFileType = sourcecode.cpp.cpp; fileEncoding = 4; name = ofxButton.cpp; path = ../../../addons/ofxGui/src/ofxButton.cpp; sourceTree = SOURCE_ROOT; };
		"BDDC6E68-0E02-4145-A5C2-F6D37EE71038" /* ofxLabel.h */ = {isa = PBXFileReference; explicitFileType = sourcecode.c.h; fileEncoding = 4; name = ofxLabel.h; path = ../../../addons/ofxGui/src/ofxLabel.h; sourceTree = SOURCE_ROOT; };
		"D5797AD1-ABA3-496D-8502-21E0E003C506" /* ofxButton.h */ = {isa = PBXFileReference; explicitFileType = sourcecode.c.h; fileEncoding = 4; name = ofxButton.h; path = ../../../addons/ofxGui/src/ofxButton.h; sourceTree = SOURCE_ROOT; };
		E4B69B5B0A3A1756003C02F2 /* circularSketchDebug.app */ = {isa = PBXFileReference; explicitFileType = wrapper.application; includeInIndex = 0; path = circularSketchDebug.app; sourceTree = BUILT_PRODUCTS_DIR; };
		E4B69E1D0A3A1BDC003C02F2 /* main.cpp */ = {isa = PBXFileReference; fileEncoding = 4; lastKnownFileType = sourcecode.cpp.cpp; name = main.cpp; path = src/main.cpp; sourceTree = SOURCE_ROOT; };
		E4B69E1E0A3A1BDC003C02F2 /* ofApp.cpp */ = {isa = PBXFileReference; explicitFileType = sourcecode.cpp.cpp; fileEncoding = 4; name = ofApp.cpp; path = src/ofApp.cpp; sourceTree = SOURCE_ROOT; };
		E4B69E1F0A3A1BDC003C02F2 /* ofApp.h */ = {isa = PBXFileReference; fileEncoding = 4; lastKnownFileType = sourcecode.c.h; name = ofApp.h; path = src/ofApp.h; sourceTree = SOURCE_ROOT; };
		E4B6FCAD0C3E899E008CF71C /* openFrameworks-Info.plist */ = {isa = PBXFileReference; fileEncoding = 4; lastKnownFileType = text.plist.xml; path = "openFrameworks-Info.plist"; sourceTree = "<group>"; };
		E4EB6923138AFD0F00A09F29 /* Project.xcconfig */ = {isa = PBXFileReference; fileEncoding = 4; lastKnownFileType = text.xcconfig; path = Project.xcconfig; sourceTree = "<group>"; };
		"F05C50E0-52E5-4A20-8E02-88525925FD9C" /* ofxGuiUtils.h */ = {isa = PBXFileReference; explicitFileType = sourcecode.c.h; fileEncoding = 4; name = ofxGuiUtils.h; path = ../../../addons/ofxGui/src/ofxGuiUtils.h; sourceTree = SOURCE_ROOT; };
		"FD0F4E9F-E2E1-4818-9249-FF3ACD13E2C4" /* ofxSlider.h */ = {isa = PBXFileReference; explicitFileType = sourcecode.c.h; fileEncoding = 4; name = ofxSlider.h; path = ../../../addons/ofxGui/src/ofxSlider.h; sourceTree = SOURCE_ROOT; };
/* End PBXFileReference section */

/* Begin PBXFrameworksBuildPhase section */
		E4B69B590A3A1756003C02F2 /* Frameworks */ = {
			isa = PBXFrameworksBuildPhase;
			buildActionMask = 2147483647;
			files = (
			);
			runOnlyForDeploymentPostprocessing = 0;
		};
/* End PBXFrameworksBuildPhase section */

/* Begin PBXGroup section */
		"8CB079C8-CADA-4982-A87A-77CABD315425" /* ofxGui */ = {
			isa = PBXGroup;
			children = (
				"BC9EE7D7-EB31-4750-9F55-B8EA6EF4E9EF" /* src */,
			);
			name = ofxGui;
			path = ../../../addons/ofxGui;
			sourceTree = SOURCE_ROOT;
		};
		BB4B014C10F69532006C3DED /* addons */ = {
			isa = PBXGroup;
			children = (
				"8CB079C8-CADA-4982-A87A-77CABD315425" /* ofxGui */,
			);
			name = addons;
			path = ../../../addons;
			sourceTree = "<group>";
		};
		"BC9EE7D7-EB31-4750-9F55-B8EA6EF4E9EF" /* src */ = {
			isa = PBXGroup;
			children = (
				"7A280083-4C41-4B61-B59B-F360404E48E7" /* ofxBaseGui.cpp */,
				"22EF13E9-5CDB-4A97-9DA6-FD00135239A2" /* ofxBaseGui.h */,
				"BA7D3615-948C-448D-B9A0-327FDAEF16A5" /* ofxButton.cpp */,
				"D5797AD1-ABA3-496D-8502-21E0E003C506" /* ofxButton.h */,
				"2BBBDCF5-7365-4403-B8DE-B46FC6F79F89" /* ofxColorPicker.cpp */,
				"2A9942B5-D5E9-4B41-A0C0-9CA0C1CE6457" /* ofxColorPicker.h */,
				"499A6DB5-1F95-47FA-8EB9-24E070854706" /* ofxGui.h */,
				"182374EF-1B38-4861-8585-CDC533D87101" /* ofxGuiGroup.cpp */,
				"BA4DA0EE-9320-4ED7-8999-AA140F39B118" /* ofxGuiGroup.h */,
				"F05C50E0-52E5-4A20-8E02-88525925FD9C" /* ofxGuiUtils.h */,
				"56976079-D060-49AC-845D-F4A99DF681C5" /* ofxInputField.cpp */,
				"93F5A4D4-CCC8-496A-996C-35A0E914E958" /* ofxInputField.h */,
				"8B794539-BD91-43D3-A3A1-162A365EAEB6" /* ofxLabel.cpp */,
				"BDDC6E68-0E02-4145-A5C2-F6D37EE71038" /* ofxLabel.h */,
				"78E4F042-2613-4BA9-8B36-9262C17C42A9" /* ofxPanel.cpp */,
				"AABB7D40-CA93-410B-8622-2D40220E6F63" /* ofxPanel.h */,
				"3B0F4866-88F8-42D7-8834-422234302877" /* ofxSlider.cpp */,
				"FD0F4E9F-E2E1-4818-9249-FF3ACD13E2C4" /* ofxSlider.h */,
				"96D552AB-31AF-4ECC-B7B2-BF987B8AAF49" /* ofxSliderGroup.cpp */,
				"0FA64661-4B2D-497F-B0B4-FBCF3E73A10B" /* ofxSliderGroup.h */,
				"71DDE535-9B72-4BAB-A95A-20910B544EBB" /* ofxToggle.cpp */,
				"B878373C-9CA2-4964-AD5D-0FD78D0E654C" /* ofxToggle.h */,
			);
			name = src;
			path = ../../../addons/ofxGui/src;
			sourceTree = SOURCE_ROOT;
		};
		E4B69B4A0A3A1720003C02F2 = {
			isa = PBXGroup;
			children = (
				191CD6FA2847E21E0085CBB6 /* of.entitlements */,
				E4B6FCAD0C3E899E008CF71C /* openFrameworks-Info.plist */,
				E4EB6923138AFD0F00A09F29 /* Project.xcconfig */,
				E4B69E1C0A3A1BDC003C02F2 /* src */,
				191EF70929D778A400F35F26 /* openFrameworks */,
				BB4B014C10F69532006C3DED /* addons */,
				E4B69B5B0A3A1756003C02F2 /* circularSketchDebug.app */,
			);
			sourceTree = "<group>";
		};
		E4B69E1C0A3A1BDC003C02F2 /* src */ = {
			isa = PBXGroup;
			children = (
				E4B69E1D0A3A1BDC003C02F2 /* main.cpp */,
				E4B69E1E0A3A1BDC003C02F2 /* ofApp.cpp */,
				E4B69E1F0A3A1BDC003C02F2 /* ofApp.h */,
				"AF78FB62-0502-4039-940D-9B1FC81F33AC" /* DrumSequencer.cpp */,
				"583C28F5-7CA6-4DA3-8EA7-00AFD4DC158D" /* DrumSequencer.hpp */,
				5F5870BF2B75038E00F0AFB4 /* BaseSequencer.cpp */,
				5F5870C02B75038E00F0AFB4 /* BaseSequencer.hpp */,
				5F5870C22B75045300F0AFB4 /* ChordSequencer.cpp */,
				5F5870C32B75045300F0AFB4 /* ChordSequencer.hpp */,
				5F5870C52B77954300F0AFB4 /* CircularSequencerView.cpp */,
				5F5870C62B77954300F0AFB4 /* CircularSequencerView.hpp */,
			);
			path = src;
			sourceTree = SOURCE_ROOT;
		};
/* End PBXGroup section */

/* Begin PBXNativeTarget section */
		E4B69B5A0A3A1756003C02F2 /* circularSketch */ = {
			isa = PBXNativeTarget;
			buildConfigurationList = E4B69B5F0A3A1757003C02F2 /* Build configuration list for PBXNativeTarget "circularSketch" */;
			buildPhases = (
				E42962A92163ECCD00A6A9E2 /* Run Script — Compile OF */,
				E4B69B580A3A1756003C02F2 /* Sources */,
				E4B69B590A3A1756003C02F2 /* Frameworks */,
				E4C2427710CC5ABF004149E2 /* CopyFiles */,
				E4A5B60F29BAAAE400C2D356 /* CopyFiles */,
				19B789C429E5AB4A0082E9B8 /* ShellScript */,
			);
			buildRules = (
			);
			dependencies = (
			);
			name = circularSketch;
			productName = myOFApp;
			productReference = E4B69B5B0A3A1756003C02F2 /* circularSketchDebug.app */;
			productType = "com.apple.product-type.application";
		};
/* End PBXNativeTarget section */

/* Begin PBXProject section */
		E4B69B4C0A3A1720003C02F2 /* Project object */ = {
			isa = PBXProject;
			attributes = {
				LastUpgradeCheck = 0600;
			};
			buildConfigurationList = E4B69B4D0A3A1720003C02F2 /* Build configuration list for PBXProject "circularSketch" */;
			compatibilityVersion = "Xcode 3.2";
			developmentRegion = en;
			hasScannedForEncodings = 0;
			knownRegions = (
				en,
				Base,
			);
			mainGroup = E4B69B4A0A3A1720003C02F2;
			productRefGroup = E4B69B4A0A3A1720003C02F2;
			projectDirPath = "";
			projectRoot = "";
			targets = (
				E4B69B5A0A3A1756003C02F2 /* circularSketch */,
			);
		};
/* End PBXProject section */

/* Begin PBXShellScriptBuildPhase section */
		19B789C429E5AB4A0082E9B8 /* ShellScript */ = {
			isa = PBXShellScriptBuildPhase;
			buildActionMask = 2147483647;
			files = (
			);
			inputFileListPaths = (
			);
			inputPaths = (
			);
			outputFileListPaths = (
			);
			outputPaths = (
			);
			runOnlyForDeploymentPostprocessing = 0;
			shellPath = /bin/sh;
			shellScript = "\"$OF_PATH/scripts/osx/xcode_project.sh\"\n";
			showEnvVarsInLog = 0;
		};
		E42962A92163ECCD00A6A9E2 /* Run Script — Compile OF */ = {
			isa = PBXShellScriptBuildPhase;
			alwaysOutOfDate = 1;
			buildActionMask = 2147483647;
			files = (
			);
			inputPaths = (
			);
			name = "Run Script — Compile OF";
			outputPaths = (
			);
			runOnlyForDeploymentPostprocessing = 0;
			shellPath = /bin/sh;
			shellScript = "echo \"💾 Compiling Openframeworks\"\nxcodebuild -project \"$OF_PATH/libs/openFrameworksCompiled/project/osx/openFrameworksLib.xcodeproj\" -target openFrameworks -configuration \"${CONFIGURATION}\"  CLANG_CXX_LANGUAGE_STANDARD=$CLANG_CXX_LANGUAGE_STANDARD MACOSX_DEPLOYMENT_TARGET=$MACOSX_DEPLOYMENT_TARGET GCC_PREPROCESSOR_DEFINITIONS=$USER_PREPROCESSOR_DEFINITIONS\n";
			showEnvVarsInLog = 0;
		};
/* End PBXShellScriptBuildPhase section */

/* Begin PBXSourcesBuildPhase section */
		E4B69B580A3A1756003C02F2 /* Sources */ = {
			isa = PBXSourcesBuildPhase;
			buildActionMask = 2147483647;
			files = (
				E4B69E200A3A1BDC003C02F2 /* main.cpp in Sources */,
				E4B69E210A3A1BDC003C02F2 /* ofApp.cpp in Sources */,
				5F5870C12B75038E00F0AFB4 /* BaseSequencer.cpp in Sources */,
				"EE53AF5F-B30A-4A1C-B8DC-00E61F5CF68D" /* DrumSequencer.cpp in Sources */,
				"0C1BD4DD-B9B1-4F84-9376-54FB8A3AC7F7" /* ofxBaseGui.cpp in Sources */,
				5F5870C72B77954300F0AFB4 /* CircularSequencerView.cpp in Sources */,
				"75D1CE53-39CC-4737-A153-DB034EBBFAFC" /* ofxButton.cpp in Sources */,
				"D2B7BDA6-4012-4FC3-A590-2776F06C6FAC" /* ofxColorPicker.cpp in Sources */,
				"32AF4E48-7A83-4C79-85D5-A34F1D7F8C84" /* ofxGuiGroup.cpp in Sources */,
				"ADE33C13-4FC3-4DE3-8E7C-57A9AF3BF4E1" /* ofxInputField.cpp in Sources */,
				"6FF95E36-0EEB-4ECA-BD70-BE8D10DCE27D" /* ofxLabel.cpp in Sources */,
				"E97A1ECE-F1F6-4BD7-AE5F-0F7506482043" /* ofxPanel.cpp in Sources */,
				5F5870C42B75045300F0AFB4 /* ChordSequencer.cpp in Sources */,
				"DFF1F7A5-37FC-4574-B34F-27A7773CED05" /* ofxSlider.cpp in Sources */,
				"AFD7392B-8BA1-4BC7-A653-9F481CC3E781" /* ofxSliderGroup.cpp in Sources */,
				"3AC002C8-F051-42E2-ABBF-BA1B28145736" /* ofxToggle.cpp in Sources */,
			);
			runOnlyForDeploymentPostprocessing = 0;
		};
/* End PBXSourcesBuildPhase section */

/* Begin XCBuildConfiguration section */
		E4B69B4E0A3A1720003C02F2 /* Debug */ = {
			isa = XCBuildConfiguration;
			baseConfigurationReference = E4EB6923138AFD0F00A09F29 /* Project.xcconfig */;
			buildSettings = {
				CODE_SIGN_ENTITLEMENTS = of.entitlements;
				COPY_PHASE_STRIP = NO;
				ENABLE_TESTABILITY = YES;
				GCC_OPTIMIZATION_LEVEL = 0;
				GCC_WARN_UNUSED_VARIABLE = NO;
				HEADER_SEARCH_PATHS = (
					"$(OF_CORE_HEADERS)",
					src,
				);
				OTHER_CPLUSPLUSFLAGS = "-D__MACOSX_CORE__";
			};
			name = Debug;
		};
		E4B69B4F0A3A1720003C02F2 /* Release */ = {
			isa = XCBuildConfiguration;
			baseConfigurationReference = E4EB6923138AFD0F00A09F29 /* Project.xcconfig */;
			buildSettings = {
				CODE_SIGN_ENTITLEMENTS = of.entitlements;
				COPY_PHASE_STRIP = YES;
				GCC_OPTIMIZATION_LEVEL = 3;
				GCC_UNROLL_LOOPS = YES;
				HEADER_SEARCH_PATHS = (
					"$(OF_CORE_HEADERS)",
					src,
				);
				OTHER_CPLUSPLUSFLAGS = "-D__MACOSX_CORE__";
			};
			name = Release;
		};
		E4B69B600A3A1757003C02F2 /* Debug */ = {
			isa = XCBuildConfiguration;
			baseConfigurationReference = E4EB6923138AFD0F00A09F29 /* Project.xcconfig */;
			buildSettings = {
				ARCHS = "$(ARCHS_STANDARD)";
				COPY_PHASE_STRIP = NO;
				FRAMEWORK_SEARCH_PATHS = "$(inherited)";
				GCC_DYNAMIC_NO_PIC = NO;
				HEADER_SEARCH_PATHS = (
					"$(OF_CORE_HEADERS)",
					src,
					src,
					../../../addons/ofxGui/src,
				);
				LIBRARY_SEARCH_PATHS = "$(inherited)";
				OTHER_LDFLAGS = (
					"$(OF_CORE_LIBS)",
					"$(OF_CORE_FRAMEWORKS)",
					"$(LIB_OF_DEBUG)",
				);
			};
			name = Debug;
		};
		E4B69B610A3A1757003C02F2 /* Release */ = {
			isa = XCBuildConfiguration;
			baseConfigurationReference = E4EB6923138AFD0F00A09F29 /* Project.xcconfig */;
			buildSettings = {
				ARCHS = "$(ARCHS_STANDARD)";
				COPY_PHASE_STRIP = YES;
				FRAMEWORK_SEARCH_PATHS = "$(inherited)";
				HEADER_SEARCH_PATHS = (
					"$(OF_CORE_HEADERS)",
					src,
					src,
					../../../addons/ofxGui/src,
				);
				LIBRARY_SEARCH_PATHS = "$(inherited)";
				OTHER_LDFLAGS = (
					"$(OF_CORE_LIBS)",
					"$(OF_CORE_FRAMEWORKS)",
					"$(LIB_OF)",
				);
				baseConfigurationReference = E4EB6923138AFD0F00A09F29;
			};
			name = Release;
		};
/* End XCBuildConfiguration section */

/* Begin XCConfigurationList section */
		E4B69B4D0A3A1720003C02F2 /* Build configuration list for PBXProject "circularSketch" */ = {
			isa = XCConfigurationList;
			buildConfigurations = (
				E4B69B4E0A3A1720003C02F2 /* Debug */,
				E4B69B4F0A3A1720003C02F2 /* Release */,
			);
			defaultConfigurationIsVisible = 0;
			defaultConfigurationName = Release;
		};
		E4B69B5F0A3A1757003C02F2 /* Build configuration list for PBXNativeTarget "circularSketch" */ = {
			isa = XCConfigurationList;
			buildConfigurations = (
				E4B69B600A3A1757003C02F2 /* Debug */,
				E4B69B610A3A1757003C02F2 /* Release */,
			);
			defaultConfigurationIsVisible = 0;
			defaultConfigurationName = Release;
		};
/* End XCConfigurationList section */
	};
	rootObject = E4B69B4C0A3A1720003C02F2 /* Project object */;
}
